
Microsoft Visual Studio Solution File, Format Version 12.00
# Visual Studio Version 17
VisualStudioVersion = 17.3.32929.385
MinimumVisualStudioVersion = 10.0.40219.1
Project("{FAE04EC0-301F-11D3-BF4B-00C04F79EFBC}") = "testing", "testing\testing.csproj", "{F55365A6-626B-4C4D-9553-C8EE26C7A7B9}"
EndProject
Global
	GlobalSection(SolutionConfigurationPlatforms) = preSolution
		Debug|Any CPU = Debug|Any CPU
		Release|Any CPU = Release|Any CPU
	EndGlobalSection
	GlobalSection(ProjectConfigurationPlatforms) = postSolution
		{F55365A6-626B-4C4D-9553-C8EE26C7A7B9}.Debug|Any CPU.ActiveCfg = Debug|Any CPU
		{F55365A6-626B-4C4D-9553-C8EE26C7A7B9}.Debug|Any CPU.Build.0 = Debug|Any CPU
		{F55365A6-626B-4C4D-9553-C8EE26C7A7B9}.Release|Any CPU.ActiveCfg = Release|Any CPU
		{F55365A6-626B-4C4D-9553-C8EE26C7A7B9}.Release|Any CPU.Build.0 = Release|Any CPU
	EndGlobalSection
	GlobalSection(SolutionProperties) = preSolution
		HideSolutionNode = FALSE
	EndGlobalSection
	GlobalSection(ExtensibilityGlobals) = postSolution
		SolutionGuid = {EA893354-E44F-416E-9FAF-6994FE6E7CB1}
	EndGlobalSection
EndGlobal
